
Microsoft Visual Studio Solution File, Format Version 12.00
# Visual Studio Version 17
VisualStudioVersion = 17.7.34031.279
MinimumVisualStudioVersion = 10.0.40219.1
Project("{FAE04EC0-301F-11D3-BF4B-00C04F79EFBC}") = "ldap", "ldap\ldap.csproj", "{F3EF9D90-35ED-4557-80E8-88FB452895A7}"
EndProject
Global
	GlobalSection(SolutionConfigurationPlatforms) = preSolution
		Debug|Any CPU = Debug|Any CPU
		Release|Any CPU = Release|Any CPU
	EndGlobalSection
	GlobalSection(ProjectConfigurationPlatforms) = postSolution
		{F3EF9D90-35ED-4557-80E8-88FB452895A7}.Debug|Any CPU.ActiveCfg = Debug|Any CPU
		{F3EF9D90-35ED-4557-80E8-88FB452895A7}.Debug|Any CPU.Build.0 = Debug|Any CPU
		{F3EF9D90-35ED-4557-80E8-88FB452895A7}.Release|Any CPU.ActiveCfg = Release|Any CPU
		{F3EF9D90-35ED-4557-80E8-88FB452895A7}.Release|Any CPU.Build.0 = Release|Any CPU
	EndGlobalSection
	GlobalSection(SolutionProperties) = preSolution
		HideSolutionNode = FALSE
	EndGlobalSection
	GlobalSection(ExtensibilityGlobals) = postSolution
		SolutionGuid = {E7B77A24-35E1-4854-B3E5-9987ABCABE54}
	EndGlobalSection
EndGlobal
